# THIS IS AN AUTOGENERATED FILE. DO NOT EDIT THIS FILE DIRECTLY.
# yarn lockfile v1


"@babel/parser@^7.24.7":
  version "7.24.8"
  resolved "https://registry.yarnpkg.com/@babel/parser/-/parser-7.24.8.tgz#58a4dbbcad7eb1d48930524a3fd93d93e9084c6f"
  integrity sha512-WzfbgXOkGzZiXXCqk43kKwZjzwx4oulxZi3nq2TYL9mOjQv6kYwul9mz6ID36njuL7Xkp6nJEfok848Zj10j/w==

"@cspotcode/source-map-support@^0.8.0":
  version "0.8.1"
  resolved "https://registry.yarnpkg.com/@cspotcode/source-map-support/-/source-map-support-0.8.1.tgz#00629c35a688e05a88b1cda684fb9d5e73f000a1"
  integrity sha512-IchNf6dN4tHoMFIn/7OE8LWZ19Y6q/67Bmf6vnGREv8RSbBVb9LPJxEcnwrcwX6ixSvaiGoomAUvu4YSxXrVgw==
  dependencies:
    "@jridgewell/trace-mapping" "0.3.9"

"@fullcalendar/core@^6.1.9":
  version "6.1.15"
  resolved "https://registry.yarnpkg.com/@fullcalendar/core/-/core-6.1.15.tgz#6c3f5259fc4589870228853072131219bb533f6e"
  integrity sha512-BuX7o6ALpLb84cMw1FCB9/cSgF4JbVO894cjJZ6kP74jzbUZNjtwffwRdA+Id8rrLjT30d/7TrkW90k4zbXB5Q==
  dependencies:
    preact "~10.12.1"

"@fullcalendar/daygrid@^6.1.9", "@fullcalendar/daygrid@~6.1.15":
  version "6.1.15"
  resolved "https://registry.yarnpkg.com/@fullcalendar/daygrid/-/daygrid-6.1.15.tgz#91208b0955ba805ddad285a53ee6f53855146963"
  integrity sha512-j8tL0HhfiVsdtOCLfzK2J0RtSkiad3BYYemwQKq512cx6btz6ZZ2RNc/hVnIxluuWFyvx5sXZwoeTJsFSFTEFA==

"@fullcalendar/interaction@^6.1.11":
  version "6.1.15"
  resolved "https://registry.yarnpkg.com/@fullcalendar/interaction/-/interaction-6.1.15.tgz#1c685d5c269388d4877b75ab2185e97d7c386cc7"
  integrity sha512-DOTSkofizM7QItjgu7W68TvKKvN9PSEEvDJceyMbQDvlXHa7pm/WAVtAc6xSDZ9xmB1QramYoWGLHkCYbTW1rQ==

"@fullcalendar/list@^6.1.9":
  version "6.1.15"
  resolved "https://registry.yarnpkg.com/@fullcalendar/list/-/list-6.1.15.tgz#d9b7ff0a50d7efa0d31234ed6caea06db6090c29"
  integrity sha512-U1bce04tYDwkFnuVImJSy2XalYIIQr6YusOWRPM/5ivHcJh67Gm8CIMSWpi3KdRSNKFkqBxLPkfZGBMaOcJYug==

"@fullcalendar/premium-common@~6.1.15":
  version "6.1.15"
  resolved "https://registry.yarnpkg.com/@fullcalendar/premium-common/-/premium-common-6.1.15.tgz#66b0690aae4abb43e8476a007e812682703fee25"
  integrity sha512-IwUHptHNzWDOgAsXLoBntGxmbfCKvUy6iYFMCP3F3ahbG58E0PJMYsXvgw+NaA7Cz4gcQoVHioGjIFgQqs3Keg==

"@fullcalendar/scrollgrid@^6.1.9":
  version "6.1.15"
  resolved "https://registry.yarnpkg.com/@fullcalendar/scrollgrid/-/scrollgrid-6.1.15.tgz#e43208ac31c41afa1f04173ce93b506998818c72"
  integrity sha512-z7q6eh9bUSQ60YwgztPlJzQAMr6XQgky6bxNQR9cMqfzcwyo/ww11G7OZUp840VIXyqT3g8XPziEDbS5zB4VVQ==
  dependencies:
    "@fullcalendar/premium-common" "~6.1.15"

"@fullcalendar/timegrid@^6.1.9":
  version "6.1.15"
  resolved "https://registry.yarnpkg.com/@fullcalendar/timegrid/-/timegrid-6.1.15.tgz#c4630b7c03c813065154c6e3981f8d51d9d692e5"
  integrity sha512-61ORr3A148RtxQ2FNG7JKvacyA/TEVZ7z6I+3E9Oeu3dqTf6M928bFcpehRTIK6zIA6Yifs7BeWHgOE9dFnpbw==
  dependencies:
    "@fullcalendar/daygrid" "~6.1.15"

"@fullcalendar/vue3@^6.1.9":
  version "6.1.15"
  resolved "https://registry.yarnpkg.com/@fullcalendar/vue3/-/vue3-6.1.15.tgz#e0453c1aa76f09e0e83c80b8e5fc9a1de24a9d6b"
  integrity sha512-ctfTICGrNEIj7gmLHQcUYe0WzDTSW5Vd9hyOnVChxPU75AZU9WqdDMkHwJYnfNxNhT6QQuiMHq/qsRRd5zQwOw==

"@jridgewell/resolve-uri@^3.0.3":
  version "3.1.2"
  resolved "https://registry.yarnpkg.com/@jridgewell/resolve-uri/-/resolve-uri-3.1.2.tgz#7a0ee601f60f99a20c7c7c5ff0c80388c1189bd6"
  integrity sha512-bRISgCIjP20/tbWSPWMEi54QVPRZExkuD9lJL+UIxUKtwVJA8wW1Trb1jMs1RFXo1CBTNZ/5hpC9QvmKWdopKw==

"@jridgewell/sourcemap-codec@^1.4.10", "@jridgewell/sourcemap-codec@^1.4.15":
  version "1.5.0"
  resolved "https://registry.yarnpkg.com/@jridgewell/sourcemap-codec/-/sourcemap-codec-1.5.0.tgz#3188bcb273a414b0d215fd22a58540b989b9409a"
  integrity sha512-gv3ZRaISU3fjPAgNsriBRqGWQL6quFx04YMPW/zD8XMLsU32mhCCbfbO6KZFLjvYpCZ8zyDEgqsgf+PwPaM7GQ==

"@jridgewell/trace-mapping@0.3.9":
  version "0.3.9"
  resolved "https://registry.yarnpkg.com/@jridgewell/trace-mapping/-/trace-mapping-0.3.9.tgz#6534fd5933a53ba7cbf3a17615e273a0d1273ff9"
  integrity sha512-3Belt6tdc8bPgAtbcmdtNJlirVoTmEb5e2gC94PnkwEW9jI6CAHUeoG85tjWP5WquqfavoMtMwiG4P926ZKKuQ==
  dependencies:
    "@jridgewell/resolve-uri" "^3.0.3"
    "@jridgewell/sourcemap-codec" "^1.4.10"

"@tsconfig/node10@^1.0.7":
  version "1.0.11"
  resolved "https://registry.yarnpkg.com/@tsconfig/node10/-/node10-1.0.11.tgz#6ee46400685f130e278128c7b38b7e031ff5b2f2"
  integrity sha512-DcRjDCujK/kCk/cUe8Xz8ZSpm8mS3mNNpta+jGCA6USEDfktlNvm1+IuZ9eTcDbNk41BHwpHHeW+N1lKCz4zOw==

"@tsconfig/node12@^1.0.7":
  version "1.0.11"
  resolved "https://registry.yarnpkg.com/@tsconfig/node12/-/node12-1.0.11.tgz#ee3def1f27d9ed66dac6e46a295cffb0152e058d"
  integrity sha512-cqefuRsh12pWyGsIoBKJA9luFu3mRxCA+ORZvA4ktLSzIuCUtWVxGIuXigEwO5/ywWFMZ2QEGKWvkZG1zDMTag==

"@tsconfig/node14@^1.0.0":
  version "1.0.3"
  resolved "https://registry.yarnpkg.com/@tsconfig/node14/-/node14-1.0.3.tgz#e4386316284f00b98435bf40f72f75a09dabf6c1"
  integrity sha512-ysT8mhdixWK6Hw3i1V2AeRqZ5WfXg1G43mqoYlM2nc6388Fq5jcXyr5mRsqViLx/GJYdoL0bfXD8nmF+Zn/Iow==

"@tsconfig/node16@^1.0.2":
  version "1.0.4"
  resolved "https://registry.yarnpkg.com/@tsconfig/node16/-/node16-1.0.4.tgz#0b92dcc0cc1c81f6f306a381f28e31b1a56536e9"
  integrity sha512-vxhUy4J8lyeyinH7Azl1pdd43GJhZH/tP2weN8TntQblOY+A0XbT8DJk1/oCPuOOyg/Ja757rG0CgHcWC8OfMA==

"@tvsgroup/erp-calendar@0.3.0":
  version "0.3.0"
  resolved "https://registry.yarnpkg.com/@tvsgroup/erp-calendar/-/erp-calendar-0.3.0.tgz#8c61ce688f2760079b04465e794ed0062a989bef"
  integrity sha512-392J5e/m2RDoe+vzdqFoh4HEhDBRNo/hO9N0KlM2fy6KtkAo2I3g4Wa++K7Uh+Vxonuk2Jarjz9PDcp+Q/mUgA==
  dependencies:
    "@fullcalendar/core" "^6.1.9"
    "@fullcalendar/daygrid" "^6.1.9"
    "@fullcalendar/interaction" "^6.1.11"
    "@fullcalendar/list" "^6.1.9"
    "@fullcalendar/scrollgrid" "^6.1.9"
    "@fullcalendar/timegrid" "^6.1.9"
    "@fullcalendar/vue3" "^6.1.9"
    frappe-js-sdk "^1.3.7"
    pinia "^2.1.7"
    vue "^3.3.4"

"@tvsgroup/erp-quotation-items@^0.0.13":
  version "0.0.13"
  resolved "https://registry.yarnpkg.com/@tvsgroup/erp-quotation-items/-/erp-quotation-items-0.0.13.tgz#e8b77ac14a1d4e0c060082ac3816f4e73b79ef83"
  integrity sha512-gp9wbKQ0h7xOV077xebq8QymRGSY4iUW4XZF/bOE2bqsPkjbaphPs8Dn2xJJsV8un2pnq1fLwuJL3w/XEOUSyQ==
  dependencies:
    pinia "^2.1.7"
    ts-node "^10.9.2"
    vue "^3.4.21"

"@vue/compiler-core@3.4.34":
  version "3.4.34"
  resolved "https://registry.yarnpkg.com/@vue/compiler-core/-/compiler-core-3.4.34.tgz#4e6af7a00927284f1f67571e2e1a8a6e93ee2d1f"
  integrity sha512-Z0izUf32+wAnQewjHu+pQf1yw00EGOmevl1kE+ljjjMe7oEfpQ+BI3/JNK7yMB4IrUsqLDmPecUrpj3mCP+yJQ==
  dependencies:
    "@babel/parser" "^7.24.7"
    "@vue/shared" "3.4.34"
    entities "^4.5.0"
    estree-walker "^2.0.2"
    source-map-js "^1.2.0"

"@vue/compiler-dom@3.4.34":
  version "3.4.34"
  resolved "https://registry.yarnpkg.com/@vue/compiler-dom/-/compiler-dom-3.4.34.tgz#fd3b8df142b063c2cc0ec3e168b76b0d7774b78c"
  integrity sha512-3PUOTS1h5cskdOJMExCu2TInXuM0j60DRPpSCJDqOCupCfUZCJoyQmKtRmA8EgDNZ5kcEE7vketamRZfrEuVDw==
  dependencies:
    "@vue/compiler-core" "3.4.34"
    "@vue/shared" "3.4.34"

"@vue/compiler-sfc@3.4.34":
  version "3.4.34"
  resolved "https://registry.yarnpkg.com/@vue/compiler-sfc/-/compiler-sfc-3.4.34.tgz#9a892747f8f707183a592f2dbd359b0272749dc1"
  integrity sha512-x6lm0UrM03jjDXTPZgD9Ad8bIVD1ifWNit2EaWQIZB5CULr46+FbLQ5RpK7AXtDHGjx9rmvC7QRCTjsiGkAwRw==
  dependencies:
    "@babel/parser" "^7.24.7"
    "@vue/compiler-core" "3.4.34"
    "@vue/compiler-dom" "3.4.34"
    "@vue/compiler-ssr" "3.4.34"
    "@vue/shared" "3.4.34"
    estree-walker "^2.0.2"
    magic-string "^0.30.10"
    postcss "^8.4.39"
    source-map-js "^1.2.0"

"@vue/compiler-ssr@3.4.34":
  version "3.4.34"
  resolved "https://registry.yarnpkg.com/@vue/compiler-ssr/-/compiler-ssr-3.4.34.tgz#4fac491550ddc2d8733ebb58a9c3bfbe85aa7bce"
  integrity sha512-8TDBcLaTrFm5rnF+Qm4BlliaopJgqJ28Nsrc80qazynm5aJO+Emu7y0RWw34L8dNnTRdcVBpWzJxhGYzsoVu4g==
  dependencies:
    "@vue/compiler-dom" "3.4.34"
    "@vue/shared" "3.4.34"

"@vue/devtools-api@^6.5.0":
  version "6.6.3"
  resolved "https://registry.yarnpkg.com/@vue/devtools-api/-/devtools-api-6.6.3.tgz#b23a588154cba8986bba82b6e1d0248bde3fd1a0"
  integrity sha512-0MiMsFma/HqA6g3KLKn+AGpL1kgKhFWszC9U29NfpWK5LE7bjeXxySWJrOJ77hBz+TBrBQ7o4QJqbPbqbs8rJw==

"@vue/reactivity@3.4.34":
  version "3.4.34"
  resolved "https://registry.yarnpkg.com/@vue/reactivity/-/reactivity-3.4.34.tgz#388ec52f55a3fbe6f9332d5d993567a1886fdc76"
  integrity sha512-ua+Lo+wBRlBEX9TtgPOShE2JwIO7p6BTZ7t1KZVPoaBRfqbC7N3c8Mpzicx173fXxx5VXeU6ykiHo7WgLzJQDA==
  dependencies:
    "@vue/shared" "3.4.34"

"@vue/runtime-core@3.4.34":
  version "3.4.34"
  resolved "https://registry.yarnpkg.com/@vue/runtime-core/-/runtime-core-3.4.34.tgz#47d2ab89c796d7012be17e2bbec40cff001317d7"
  integrity sha512-PXhkiRPwcPGJ1BnyBZFI96GfInCVskd0HPNIAZn7i3YOmLbtbTZpB7/kDTwC1W7IqdGPkTVC63IS7J2nZs4Ebg==
  dependencies:
    "@vue/reactivity" "3.4.34"
    "@vue/shared" "3.4.34"

"@vue/runtime-dom@3.4.34":
  version "3.4.34"
  resolved "https://registry.yarnpkg.com/@vue/runtime-dom/-/runtime-dom-3.4.34.tgz#8a7f25647c3ac8d9fc2208fd5e06f70ba2dd6638"
  integrity sha512-dXqIe+RqFAK2Euak4UsvbIupalrhc67OuQKpD7HJ3W2fv8jlqvI7szfBCsAEcE8o/wyNpkloxB6J8viuF/E3gw==
  dependencies:
    "@vue/reactivity" "3.4.34"
    "@vue/runtime-core" "3.4.34"
    "@vue/shared" "3.4.34"
    csstype "^3.1.3"

"@vue/server-renderer@3.4.34":
  version "3.4.34"
  resolved "https://registry.yarnpkg.com/@vue/server-renderer/-/server-renderer-3.4.34.tgz#4b3a5bc6fb818aef9713e41fb78dece256dd933c"
  integrity sha512-GeyEUfMVRZMD/mZcNONEqg7MiU10QQ1DB3O/Qr6+8uXpbwdlmVgQ5Qs1/ZUAFX1X2UUtqMoGrDRbxdWfOJFT7Q==
  dependencies:
    "@vue/compiler-ssr" "3.4.34"
    "@vue/shared" "3.4.34"

"@vue/shared@3.4.34":
  version "3.4.34"
  resolved "https://registry.yarnpkg.com/@vue/shared/-/shared-3.4.34.tgz#130858419e634a427ca82c36e1da75c66a39ba8e"
  integrity sha512-x5LmiRLpRsd9KTjAB8MPKf0CDPMcuItjP0gbNqFCIgL1I8iYp4zglhj9w9FPCdIbHG2M91RVeIbArFfFTz9I3A==

acorn-walk@^8.1.1:
  version "8.3.3"
  resolved "https://registry.yarnpkg.com/acorn-walk/-/acorn-walk-8.3.3.tgz#9caeac29eefaa0c41e3d4c65137de4d6f34df43e"
  integrity sha512-MxXdReSRhGO7VlFe1bRG/oI7/mdLV9B9JJT0N8vZOhF7gFRR5l3M8W9G8JxmKV+JC5mGqJ0QvqfSOLsCPa4nUw==
  dependencies:
    acorn "^8.11.0"

acorn@^8.11.0, acorn@^8.4.1:
  version "8.12.1"
  resolved "https://registry.yarnpkg.com/acorn/-/acorn-8.12.1.tgz#71616bdccbe25e27a54439e0046e89ca76df2248"
  integrity sha512-tcpGyI9zbizT9JbV6oYE477V6mTlXvvi0T0G3SNIYE2apm/G5huBa1+K89VGeovbg+jycCrfhl3ADxErOuO6Jg==

arg@^4.1.0:
  version "4.1.3"
  resolved "https://registry.yarnpkg.com/arg/-/arg-4.1.3.tgz#269fc7ad5b8e42cb63c896d5666017261c144089"
  integrity sha512-58S9QDqG0Xx27YwPSt9fJxivjYl432YCwfDMfZ+71RAqUrZef7LrKQZ3LHLOwCS4FLNBplP533Zx895SeOCHvA==

asynckit@^0.4.0:
  version "0.4.0"
  resolved "https://registry.yarnpkg.com/asynckit/-/asynckit-0.4.0.tgz#c79ed97f7f34cb8f2ba1bc9790bcc366474b4b79"
  integrity sha512-Oei9OH4tRh0YqU3GxhX79dM/mwVgvbZJaSNaRk+bshkj0S5cfHcgYakreBjrHwatXKbz+IoIdYLxrKim2MjW0Q==

axios@^1.6.7:
  version "1.7.2"
  resolved "https://registry.yarnpkg.com/axios/-/axios-1.7.2.tgz#b625db8a7051fbea61c35a3cbb3a1daa7b9c7621"
  integrity sha512-2A8QhOMrbomlDuiLeK9XibIBzuHeRcqqNOHp0Cyp5EoJ1IFDh+XZH3A6BkXtv0K4gFGCI0Y4BM7B1wOEi0Rmgw==
  dependencies:
    follow-redirects "^1.15.6"
    form-data "^4.0.0"
    proxy-from-env "^1.1.0"

combined-stream@^1.0.8:
  version "1.0.8"
  resolved "https://registry.yarnpkg.com/combined-stream/-/combined-stream-1.0.8.tgz#c3d45a8b34fd730631a110a8a2520682b31d5a7f"
  integrity sha512-FQN4MRfuJeHf7cBbBMJFXhKSDq+2kAArBlmRBvcvFE5BB1HZKXtSFASDhdlz9zOYwxh8lDdnvmMOe/+5cdoEdg==
  dependencies:
    delayed-stream "~1.0.0"

create-require@^1.1.0:
  version "1.1.1"
  resolved "https://registry.yarnpkg.com/create-require/-/create-require-1.1.1.tgz#c1d7e8f1e5f6cfc9ff65f9cd352d37348756c333"
  integrity sha512-dcKFX3jn0MpIaXjisoRvexIJVEKzaq7z2rZKxf+MSr9TkdmHmsU4m2lcLojrj/FHl8mk5VxMmYA+ftRkP/3oKQ==

csstype@^3.1.3:
  version "3.1.3"
  resolved "https://registry.yarnpkg.com/csstype/-/csstype-3.1.3.tgz#d80ff294d114fb0e6ac500fbf85b60137d7eff81"
  integrity sha512-M1uQkMl8rQK/szD0LNhtqxIPLpimGm8sOBwU7lLnCpSbTyY3yeU1Vc7l4KT5zT4s/yOxHH5O7tIuuLOCnLADRw==

delayed-stream@~1.0.0:
  version "1.0.0"
  resolved "https://registry.yarnpkg.com/delayed-stream/-/delayed-stream-1.0.0.tgz#df3ae199acadfb7d440aaae0b29e2272b24ec619"
  integrity sha512-ZySD7Nf91aLB0RxL4KGrKHBXl7Eds1DAmEdcoVawXnLD7SDhpNgtuII2aAkg7a7QS41jxPSZ17p4VdGnMHk3MQ==

diff@^4.0.1:
  version "4.0.2"
  resolved "https://registry.yarnpkg.com/diff/-/diff-4.0.2.tgz#60f3aecb89d5fae520c11aa19efc2bb982aade7d"
  integrity sha512-58lmxKSA4BNyLz+HHMUzlOEpg09FV+ev6ZMe3vJihgdxzgcwZ8VoEEPmALCZG9LmqfVoNMMKpttIYTVG6uDY7A==

entities@^4.5.0:
  version "4.5.0"
  resolved "https://registry.yarnpkg.com/entities/-/entities-4.5.0.tgz#5d268ea5e7113ec74c4d033b79ea5a35a488fb48"
  integrity sha512-V0hjH4dGPh9Ao5p0MoRY6BVqtwCjhz6vI5LT8AJ55H+4g9/4vbHx1I54fS0XuclLhDHArPQCiMjDxjaL8fPxhw==

estree-walker@^2.0.2:
  version "2.0.2"
  resolved "https://registry.yarnpkg.com/estree-walker/-/estree-walker-2.0.2.tgz#52f010178c2a4c117a7757cfe942adb7d2da4cac"
  integrity sha512-Rfkk/Mp/DL7JVje3u18FxFujQlTNR2q6QfMSMB7AvCBx91NGj/ba3kCfza0f6dVDbw7YlRf/nDrn7pQrCCyQ/w==

follow-redirects@^1.15.6:
  version "1.15.6"
  resolved "https://registry.yarnpkg.com/follow-redirects/-/follow-redirects-1.15.6.tgz#7f815c0cda4249c74ff09e95ef97c23b5fd0399b"
  integrity sha512-wWN62YITEaOpSK584EZXJafH1AGpO8RVgElfkuXbTOrPX4fIfOyEpW/CsiNd8JdYrAoOvafRTOEnvsO++qCqFA==

form-data@^4.0.0:
  version "4.0.0"
  resolved "https://registry.yarnpkg.com/form-data/-/form-data-4.0.0.tgz#93919daeaf361ee529584b9b31664dc12c9fa452"
  integrity sha512-ETEklSGi5t0QMZuiXoA/Q6vcnxcLQP5vdugSpuAyi6SVGi2clPPp+xgEhuMaHC+zGgn31Kd235W35f7Hykkaww==
  dependencies:
    asynckit "^0.4.0"
    combined-stream "^1.0.8"
    mime-types "^2.1.12"

frappe-js-sdk@^1.3.7:
  version "1.5.0"
  resolved "https://registry.yarnpkg.com/frappe-js-sdk/-/frappe-js-sdk-1.5.0.tgz#9fb161edb872136058c51adfba9f2c2927f81d2a"
  integrity sha512-KzBTvncqhBImIyIRWzZ0JcvYwEBPvGfCvvZ9JTtHE5Zn/YJtbN4GfXDG3x3AGNTVtwdU66zC8ADu20j/tBTXmQ==
  dependencies:
    axios "^1.6.7"

magic-string@^0.30.10:
  version "0.30.10"
  resolved "https://registry.yarnpkg.com/magic-string/-/magic-string-0.30.10.tgz#123d9c41a0cb5640c892b041d4cfb3bd0aa4b39e"
  integrity sha512-iIRwTIf0QKV3UAnYK4PU8uiEc4SRh5jX0mwpIwETPpHdhVM4f53RSwS/vXvN1JhGX+Cs7B8qIq3d6AH49O5fAQ==
  dependencies:
    "@jridgewell/sourcemap-codec" "^1.4.15"

make-error@^1.1.1:
  version "1.3.6"
  resolved "https://registry.yarnpkg.com/make-error/-/make-error-1.3.6.tgz#2eb2e37ea9b67c4891f684a1394799af484cf7a2"
  integrity sha512-s8UhlNe7vPKomQhC1qFelMokr/Sc3AgNbso3n74mVPA5LTZwkB9NlXf4XPamLxJE8h0gh73rM94xvwRT2CVInw==

mime-db@1.52.0:
  version "1.52.0"
  resolved "https://registry.yarnpkg.com/mime-db/-/mime-db-1.52.0.tgz#bbabcdc02859f4987301c856e3387ce5ec43bf70"
  integrity sha512-sPU4uV7dYlvtWJxwwxHD0PuihVNiE7TyAbQ5SWxDCB9mUYvOgroQOwYQQOKPJ8CIbE+1ETVlOoK1UC2nU3gYvg==

mime-types@^2.1.12:
  version "2.1.35"
  resolved "https://registry.yarnpkg.com/mime-types/-/mime-types-2.1.35.tgz#381a871b62a734450660ae3deee44813f70d959a"
  integrity sha512-ZDY+bPm5zTTF+YpCrAU9nK0UgICYPT0QtT1NZWFv4s++TNkcgVaT0g6+4R2uI4MjQjzysHB1zxuWL50hzaeXiw==
  dependencies:
    mime-db "1.52.0"

nanoid@^3.3.7:
  version "3.3.7"
  resolved "https://registry.yarnpkg.com/nanoid/-/nanoid-3.3.7.tgz#d0c301a691bc8d54efa0a2226ccf3fe2fd656bd8"
  integrity sha512-eSRppjcPIatRIMC1U6UngP8XFcz8MQWGQdt1MTBQ7NaAmvXDfvNxbvWV3x2y6CdEUciCSsDHDQZbhYaB8QEo2g==

onscan.js@^1.5.2:
  version "1.5.2"
  resolved "https://registry.yarnpkg.com/onscan.js/-/onscan.js-1.5.2.tgz#14ed636e5f4c3f0a78bacbf9a505dad3140ee341"
  integrity sha512-9oGYy2gXYRjvXO9GYqqVca0VuCTAmWhbmX3egBSBP13rXiMNb+dKPJzKFEeECGqPBpf0m40Zoo+GUQ7eCackdw==

picocolors@^1.0.1:
  version "1.0.1"
  resolved "https://registry.yarnpkg.com/picocolors/-/picocolors-1.0.1.tgz#a8ad579b571952f0e5d25892de5445bcfe25aaa1"
  integrity sha512-anP1Z8qwhkbmu7MFP5iTt+wQKXgwzf7zTyGlcdzabySa9vd0Xt392U0rVmz9poOaBj0uHJKyyo9/upk0HrEQew==

pinia@^2.1.7:
  version "2.1.7"
  resolved "https://registry.yarnpkg.com/pinia/-/pinia-2.1.7.tgz#4cf5420d9324ca00b7b4984d3fbf693222115bbc"
  integrity sha512-+C2AHFtcFqjPih0zpYuvof37SFxMQ7OEG2zV9jRI12i9BOy3YQVAHwdKtyyc8pDcDyIc33WCIsZaCFWU7WWxGQ==
  dependencies:
    "@vue/devtools-api" "^6.5.0"
    vue-demi ">=0.14.5"

postcss@^8.4.39:
  version "8.4.39"
  resolved "https://registry.yarnpkg.com/postcss/-/postcss-8.4.39.tgz#aa3c94998b61d3a9c259efa51db4b392e1bde0e3"
  integrity sha512-0vzE+lAiG7hZl1/9I8yzKLx3aR9Xbof3fBHKunvMfOCYAtMhrsnccJY2iTURb9EZd5+pLuiNV9/c/GZJOHsgIw==
  dependencies:
    nanoid "^3.3.7"
    picocolors "^1.0.1"
    source-map-js "^1.2.0"

preact@~10.12.1:
  version "10.12.1"
  resolved "https://registry.yarnpkg.com/preact/-/preact-10.12.1.tgz#8f9cb5442f560e532729b7d23d42fd1161354a21"
  integrity sha512-l8386ixSsBdbreOAkqtrwqHwdvR35ID8c3rKPa8lCWuO86dBi32QWHV4vfsZK1utLLFMvw+Z5Ad4XLkZzchscg==

proxy-from-env@^1.1.0:
  version "1.1.0"
  resolved "https://registry.yarnpkg.com/proxy-from-env/-/proxy-from-env-1.1.0.tgz#e102f16ca355424865755d2c9e8ea4f24d58c3e2"
  integrity sha512-D+zkORCbA9f1tdWRK0RaCR3GPv50cMxcrz4X8k5LTSUD1Dkw47mKJEZQNunItRTkWwgtaUSo1RVFRIG9ZXiFYg==

source-map-js@^1.2.0:
  version "1.2.0"
  resolved "https://registry.yarnpkg.com/source-map-js/-/source-map-js-1.2.0.tgz#16b809c162517b5b8c3e7dcd315a2a5c2612b2af"
  integrity sha512-itJW8lvSA0TXEphiRoawsCksnlf8SyvmFzIhltqAHluXd88pkCd+cXJVHTDwdCr0IzwptSm035IHQktUu1QUMg==

ts-node@^10.9.2:
  version "10.9.2"
  resolved "https://registry.yarnpkg.com/ts-node/-/ts-node-10.9.2.tgz#70f021c9e185bccdca820e26dc413805c101c71f"
  integrity sha512-f0FFpIdcHgn8zcPSbf1dRevwt047YMnaiJM3u2w2RewrB+fob/zePZcrOyQoLMMO7aBIddLcQIEK5dYjkLnGrQ==
  dependencies:
    "@cspotcode/source-map-support" "^0.8.0"
    "@tsconfig/node10" "^1.0.7"
    "@tsconfig/node12" "^1.0.7"
    "@tsconfig/node14" "^1.0.0"
    "@tsconfig/node16" "^1.0.2"
    acorn "^8.4.1"
    acorn-walk "^8.1.1"
    arg "^4.1.0"
    create-require "^1.1.0"
    diff "^4.0.1"
    make-error "^1.1.1"
    v8-compile-cache-lib "^3.0.1"
    yn "3.1.1"

v8-compile-cache-lib@^3.0.1:
  version "3.0.1"
  resolved "https://registry.yarnpkg.com/v8-compile-cache-lib/-/v8-compile-cache-lib-3.0.1.tgz#6336e8d71965cb3d35a1bbb7868445a7c05264bf"
  integrity sha512-wa7YjyUGfNZngI/vtK0UHAN+lgDCxBPCylVXGp0zu59Fz5aiGtNXaq3DhIov063MorB+VfufLh3JlF2KdTK3xg==

vue-demi@>=0.14.5:
  version "0.14.9"
  resolved "https://registry.yarnpkg.com/vue-demi/-/vue-demi-0.14.9.tgz#db2be43705e2bc8501f01ca6163e34ada2f2eb21"
  integrity sha512-dC1TJMODGM8lxhP6wLToncaDPPNB3biVxxRDuNCYpuXwi70ou7NsGd97KVTJ2omepGId429JZt8oaZKeXbqxwg==

vue@^3.3.4, vue@^3.4.21:
  version "3.4.34"
  resolved "https://registry.yarnpkg.com/vue/-/vue-3.4.34.tgz#19d9a82854d54c4506d1e2854c9c038ee430484a"
  integrity sha512-VZze05HWlA3ItreQ/ka7Sx7PoD0/3St8FEiSlSTVgb6l4hL+RjtP2/8g5WQBzZgyf8WG2f+g1bXzC7zggLhAJA==
  dependencies:
    "@vue/compiler-dom" "3.4.34"
    "@vue/compiler-sfc" "3.4.34"
    "@vue/runtime-dom" "3.4.34"
    "@vue/server-renderer" "3.4.34"
    "@vue/shared" "3.4.34"

yn@3.1.1:
  version "3.1.1"
  resolved "https://registry.yarnpkg.com/yn/-/yn-3.1.1.tgz#1e87401a09d767c1d5eab26a6e4c185182d2eb50"
  integrity sha512-Ux4ygGWsu2c7isFWe8Yu1YluJmqVhxqK2cLXNQA5AcC3QfbGNpM7fu0Y8b/z16pXLnFxZYvWhd3fhBY9DLmC6Q==
