# THIS IS AN AUTOGENERATED FILE. DO NOT EDIT THIS FILE DIRECTLY.
# yarn lockfile v1


"@babel/helper-string-parser@^7.24.8":
  version "7.24.8"
  resolved "https://registry.yarnpkg.com/@babel/helper-string-parser/-/helper-string-parser-7.24.8.tgz#5b3329c9a58803d5df425e5785865881a81ca48d"
  integrity sha512-pO9KhhRcuUyGnJWwyEgnRJTSIZHiT+vMD0kPeD+so0l7mxkMT19g3pjY9GTnHySck/hDzq+dtW/4VgnMkippsQ==

"@babel/helper-validator-identifier@^7.24.7":
  version "7.24.7"
  resolved "https://registry.yarnpkg.com/@babel/helper-validator-identifier/-/helper-validator-identifier-7.24.7.tgz#75b889cfaf9e35c2aaf42cf0d72c8e91719251db"
  integrity sha512-rR+PBcQ1SMQDDyF6X0wxtG8QyLCgUB0eRAGguqRLfkCA87l7yAP7ehq8SNj96OOGTO8OBV70KhuFYcIkHXOg0w==

"@babel/parser@^7.25.3":
  version "7.25.6"
  resolved "https://registry.yarnpkg.com/@babel/parser/-/parser-7.25.6.tgz#85660c5ef388cbbf6e3d2a694ee97a38f18afe2f"
  integrity sha512-trGdfBdbD0l1ZPmcJ83eNxB9rbEax4ALFTF7fN386TMYbeCQbyme5cOEXQhbGXKebwGaB/J52w1mrklMcbgy6Q==
  dependencies:
    "@babel/types" "^7.25.6"

"@babel/types@^7.25.6":
  version "7.25.6"
  resolved "https://registry.yarnpkg.com/@babel/types/-/types-7.25.6.tgz#893942ddb858f32ae7a004ec9d3a76b3463ef8e6"
  integrity sha512-/l42B1qxpG6RdfYf343Uw1vmDjeNhneUXtzhojE7pDgfpEypmRhI6j1kr17XCVv4Cgl9HdAiQY2x0GwKm7rWCw==
  dependencies:
    "@babel/helper-string-parser" "^7.24.8"
    "@babel/helper-validator-identifier" "^7.24.7"
    to-fast-properties "^2.0.0"

"@cspotcode/source-map-support@^0.8.0":
  version "0.8.1"
  resolved "https://registry.yarnpkg.com/@cspotcode/source-map-support/-/source-map-support-0.8.1.tgz#00629c35a688e05a88b1cda684fb9d5e73f000a1"
  integrity sha512-IchNf6dN4tHoMFIn/7OE8LWZ19Y6q/67Bmf6vnGREv8RSbBVb9LPJxEcnwrcwX6ixSvaiGoomAUvu4YSxXrVgw==
  dependencies:
    "@jridgewell/trace-mapping" "0.3.9"

"@fullcalendar/core@^6.1.9":
  version "6.1.15"
  resolved "https://registry.yarnpkg.com/@fullcalendar/core/-/core-6.1.15.tgz#6c3f5259fc4589870228853072131219bb533f6e"
  integrity sha512-BuX7o6ALpLb84cMw1FCB9/cSgF4JbVO894cjJZ6kP74jzbUZNjtwffwRdA+Id8rrLjT30d/7TrkW90k4zbXB5Q==
  dependencies:
    preact "~10.12.1"

"@fullcalendar/daygrid@^6.1.9", "@fullcalendar/daygrid@~6.1.15":
  version "6.1.15"
  resolved "https://registry.yarnpkg.com/@fullcalendar/daygrid/-/daygrid-6.1.15.tgz#91208b0955ba805ddad285a53ee6f53855146963"
  integrity sha512-j8tL0HhfiVsdtOCLfzK2J0RtSkiad3BYYemwQKq512cx6btz6ZZ2RNc/hVnIxluuWFyvx5sXZwoeTJsFSFTEFA==

"@fullcalendar/interaction@^6.1.9":
  version "6.1.15"
  resolved "https://registry.yarnpkg.com/@fullcalendar/interaction/-/interaction-6.1.15.tgz#1c685d5c269388d4877b75ab2185e97d7c386cc7"
  integrity sha512-DOTSkofizM7QItjgu7W68TvKKvN9PSEEvDJceyMbQDvlXHa7pm/WAVtAc6xSDZ9xmB1QramYoWGLHkCYbTW1rQ==

"@fullcalendar/list@^6.1.9":
  version "6.1.15"
  resolved "https://registry.yarnpkg.com/@fullcalendar/list/-/list-6.1.15.tgz#d9b7ff0a50d7efa0d31234ed6caea06db6090c29"
  integrity sha512-U1bce04tYDwkFnuVImJSy2XalYIIQr6YusOWRPM/5ivHcJh67Gm8CIMSWpi3KdRSNKFkqBxLPkfZGBMaOcJYug==

"@fullcalendar/premium-common@~6.1.15":
  version "6.1.15"
  resolved "https://registry.yarnpkg.com/@fullcalendar/premium-common/-/premium-common-6.1.15.tgz#66b0690aae4abb43e8476a007e812682703fee25"
  integrity sha512-IwUHptHNzWDOgAsXLoBntGxmbfCKvUy6iYFMCP3F3ahbG58E0PJMYsXvgw+NaA7Cz4gcQoVHioGjIFgQqs3Keg==

"@fullcalendar/scrollgrid@^6.1.9":
  version "6.1.15"
  resolved "https://registry.yarnpkg.com/@fullcalendar/scrollgrid/-/scrollgrid-6.1.15.tgz#e43208ac31c41afa1f04173ce93b506998818c72"
  integrity sha512-z7q6eh9bUSQ60YwgztPlJzQAMr6XQgky6bxNQR9cMqfzcwyo/ww11G7OZUp840VIXyqT3g8XPziEDbS5zB4VVQ==
  dependencies:
    "@fullcalendar/premium-common" "~6.1.15"

"@fullcalendar/timegrid@^6.1.9":
  version "6.1.15"
  resolved "https://registry.yarnpkg.com/@fullcalendar/timegrid/-/timegrid-6.1.15.tgz#c4630b7c03c813065154c6e3981f8d51d9d692e5"
  integrity sha512-61ORr3A148RtxQ2FNG7JKvacyA/TEVZ7z6I+3E9Oeu3dqTf6M928bFcpehRTIK6zIA6Yifs7BeWHgOE9dFnpbw==
  dependencies:
    "@fullcalendar/daygrid" "~6.1.15"

"@fullcalendar/vue3@^6.1.9":
  version "6.1.15"
  resolved "https://registry.yarnpkg.com/@fullcalendar/vue3/-/vue3-6.1.15.tgz#e0453c1aa76f09e0e83c80b8e5fc9a1de24a9d6b"
  integrity sha512-ctfTICGrNEIj7gmLHQcUYe0WzDTSW5Vd9hyOnVChxPU75AZU9WqdDMkHwJYnfNxNhT6QQuiMHq/qsRRd5zQwOw==

"@jridgewell/resolve-uri@^3.0.3":
  version "3.1.2"
  resolved "https://registry.yarnpkg.com/@jridgewell/resolve-uri/-/resolve-uri-3.1.2.tgz#7a0ee601f60f99a20c7c7c5ff0c80388c1189bd6"
  integrity sha512-bRISgCIjP20/tbWSPWMEi54QVPRZExkuD9lJL+UIxUKtwVJA8wW1Trb1jMs1RFXo1CBTNZ/5hpC9QvmKWdopKw==

"@jridgewell/sourcemap-codec@^1.4.10", "@jridgewell/sourcemap-codec@^1.5.0":
  version "1.5.0"
  resolved "https://registry.yarnpkg.com/@jridgewell/sourcemap-codec/-/sourcemap-codec-1.5.0.tgz#3188bcb273a414b0d215fd22a58540b989b9409a"
  integrity sha512-gv3ZRaISU3fjPAgNsriBRqGWQL6quFx04YMPW/zD8XMLsU32mhCCbfbO6KZFLjvYpCZ8zyDEgqsgf+PwPaM7GQ==

"@jridgewell/trace-mapping@0.3.9":
  version "0.3.9"
  resolved "https://registry.yarnpkg.com/@jridgewell/trace-mapping/-/trace-mapping-0.3.9.tgz#6534fd5933a53ba7cbf3a17615e273a0d1273ff9"
  integrity sha512-3Belt6tdc8bPgAtbcmdtNJlirVoTmEb5e2gC94PnkwEW9jI6CAHUeoG85tjWP5WquqfavoMtMwiG4P926ZKKuQ==
  dependencies:
    "@jridgewell/resolve-uri" "^3.0.3"
    "@jridgewell/sourcemap-codec" "^1.4.10"

"@tsconfig/node10@^1.0.7":
  version "1.0.11"
  resolved "https://registry.yarnpkg.com/@tsconfig/node10/-/node10-1.0.11.tgz#6ee46400685f130e278128c7b38b7e031ff5b2f2"
  integrity sha512-DcRjDCujK/kCk/cUe8Xz8ZSpm8mS3mNNpta+jGCA6USEDfktlNvm1+IuZ9eTcDbNk41BHwpHHeW+N1lKCz4zOw==

"@tsconfig/node12@^1.0.7":
  version "1.0.11"
  resolved "https://registry.yarnpkg.com/@tsconfig/node12/-/node12-1.0.11.tgz#ee3def1f27d9ed66dac6e46a295cffb0152e058d"
  integrity sha512-cqefuRsh12pWyGsIoBKJA9luFu3mRxCA+ORZvA4ktLSzIuCUtWVxGIuXigEwO5/ywWFMZ2QEGKWvkZG1zDMTag==

"@tsconfig/node14@^1.0.0":
  version "1.0.3"
  resolved "https://registry.yarnpkg.com/@tsconfig/node14/-/node14-1.0.3.tgz#e4386316284f00b98435bf40f72f75a09dabf6c1"
  integrity sha512-ysT8mhdixWK6Hw3i1V2AeRqZ5WfXg1G43mqoYlM2nc6388Fq5jcXyr5mRsqViLx/GJYdoL0bfXD8nmF+Zn/Iow==

"@tsconfig/node16@^1.0.2":
  version "1.0.4"
  resolved "https://registry.yarnpkg.com/@tsconfig/node16/-/node16-1.0.4.tgz#0b92dcc0cc1c81f6f306a381f28e31b1a56536e9"
  integrity sha512-vxhUy4J8lyeyinH7Azl1pdd43GJhZH/tP2weN8TntQblOY+A0XbT8DJk1/oCPuOOyg/Ja757rG0CgHcWC8OfMA==

"@tvsgroup/erp-calendar@0.5.19":
  version "0.5.19"
  resolved "https://registry.yarnpkg.com/@tvsgroup/erp-calendar/-/erp-calendar-0.5.19.tgz#ab38ff68b431cef9d047a639f0466fb981dd0c4b"
  integrity sha512-CfaCGC8eZYTYwOckB4OrMEcalHhlyFNWFK0fsRroTGlXTIOFkfMEqNeJrvNanNLn+/7I59FU4h/TntG4j8oXag==
  dependencies:
    "@fullcalendar/core" "^6.1.9"
    "@fullcalendar/daygrid" "^6.1.9"
    "@fullcalendar/interaction" "^6.1.9"
    "@fullcalendar/list" "^6.1.9"
    "@fullcalendar/scrollgrid" "^6.1.9"
    "@fullcalendar/timegrid" "^6.1.9"
    "@fullcalendar/vue3" "^6.1.9"
    frappe-js-sdk "1.3.7"
    pinia "^2.1.7"
    vue "^3.3.4"

"@tvsgroup/erp-quotation-items@^0.1.9":
  version "0.1.9"
  resolved "https://registry.yarnpkg.com/@tvsgroup/erp-quotation-items/-/erp-quotation-items-0.1.9.tgz#673aeb49c56d4abc27aec707295b76d8fefe2909"
  integrity sha512-wSa/u9wtGUpoBMHJIcKOh9jp3puyFq/5wMhqbKHcDrOcMJ6CXFDgJ2+AYeMeO4ShIDGFnnPQ0MGtHw/QnCfeWQ==
  dependencies:
    pinia "^2.1.7"
    ts-node "^10.9.2"
    vue "^3.4.21"

"@vue/compiler-core@3.5.4":
  version "3.5.4"
  resolved "https://registry.yarnpkg.com/@vue/compiler-core/-/compiler-core-3.5.4.tgz#b8b5805e767b94d84af01f5527dbb4896326c478"
  integrity sha512-oNwn+BAt3n9dK9uAYvI+XGlutwuTq/wfj4xCBaZCqwwVIGtD7D6ViihEbyYZrDHIHTDE3Q6oL3/hqmAyFEy9DQ==
  dependencies:
    "@babel/parser" "^7.25.3"
    "@vue/shared" "3.5.4"
    entities "^4.5.0"
    estree-walker "^2.0.2"
    source-map-js "^1.2.0"

"@vue/compiler-dom@3.5.4":
  version "3.5.4"
  resolved "https://registry.yarnpkg.com/@vue/compiler-dom/-/compiler-dom-3.5.4.tgz#3f98e6ca76abab73630dad055b3ef6e2e6c2b006"
  integrity sha512-yP9RRs4BDLOLfldn6ah+AGCNovGjMbL9uHvhDHf5wan4dAHLnFGOkqtfE7PPe4HTXIqE7l/NILdYw53bo1C8jw==
  dependencies:
    "@vue/compiler-core" "3.5.4"
    "@vue/shared" "3.5.4"

"@vue/compiler-sfc@3.5.4":
  version "3.5.4"
  resolved "https://registry.yarnpkg.com/@vue/compiler-sfc/-/compiler-sfc-3.5.4.tgz#a530accc9afed38506b14ce7ac6fb237eb09ff2d"
  integrity sha512-P+yiPhL+NYH7m0ZgCq7AQR2q7OIE+mpAEgtkqEeH9oHSdIRvUO+4X6MPvblJIWcoe4YC5a2Gdf/RsoyP8FFiPQ==
  dependencies:
    "@babel/parser" "^7.25.3"
    "@vue/compiler-core" "3.5.4"
    "@vue/compiler-dom" "3.5.4"
    "@vue/compiler-ssr" "3.5.4"
    "@vue/shared" "3.5.4"
    estree-walker "^2.0.2"
    magic-string "^0.30.11"
    postcss "^8.4.44"
    source-map-js "^1.2.0"

"@vue/compiler-ssr@3.5.4":
  version "3.5.4"
  resolved "https://registry.yarnpkg.com/@vue/compiler-ssr/-/compiler-ssr-3.5.4.tgz#b6d011adaca367e7cc364cb09dfb6a5c12ad974a"
  integrity sha512-acESdTXsxPnYr2C4Blv0ggx5zIFMgOzZmYU2UgvIff9POdRGbRNBHRyzHAnizcItvpgerSKQbllUc9USp3V7eg==
  dependencies:
    "@vue/compiler-dom" "3.5.4"
    "@vue/shared" "3.5.4"

"@vue/devtools-api@^6.6.3":
  version "6.6.4"
  resolved "https://registry.yarnpkg.com/@vue/devtools-api/-/devtools-api-6.6.4.tgz#cbe97fe0162b365edc1dba80e173f90492535343"
  integrity sha512-sGhTPMuXqZ1rVOk32RylztWkfXTRhuS7vgAKv0zjqk8gbsHkJ7xfFf+jbySxt7tWObEJwyKaHMikV/WGDiQm8g==

"@vue/reactivity@3.5.4":
  version "3.5.4"
  resolved "https://registry.yarnpkg.com/@vue/reactivity/-/reactivity-3.5.4.tgz#f1c771612e0612443583bac6ce52b8cef0ac5c40"
  integrity sha512-HKKbEuP7tYSGCq4e4nK6ZW6l5hyG66OUetefBp4budUyjvAYsnQDf+bgFzg2RAgnH0CInyqXwD9y47jwJEHrQw==
  dependencies:
    "@vue/shared" "3.5.4"

"@vue/runtime-core@3.5.4":
  version "3.5.4"
  resolved "https://registry.yarnpkg.com/@vue/runtime-core/-/runtime-core-3.5.4.tgz#411e4f6d445d44354bbc242dfb168379c3bec5c3"
  integrity sha512-f3ek2sTA0AFu0n+w+kCtz567Euqqa3eHewvo4klwS7mWfSj/A+UmYTwsnUFo35KeyAFY60JgrCGvEBsu1n/3LA==
  dependencies:
    "@vue/reactivity" "3.5.4"
    "@vue/shared" "3.5.4"

"@vue/runtime-dom@3.5.4":
  version "3.5.4"
  resolved "https://registry.yarnpkg.com/@vue/runtime-dom/-/runtime-dom-3.5.4.tgz#68242033e648a6d1400f27d923d5788362fbefb8"
  integrity sha512-ofyc0w6rbD5KtjhP1i9hGOKdxGpvmuB1jprP7Djlj0X7R5J/oLwuNuE98GJ8WW31Hu2VxQHtk/LYTAlW8xrJdw==
  dependencies:
    "@vue/reactivity" "3.5.4"
    "@vue/runtime-core" "3.5.4"
    "@vue/shared" "3.5.4"
    csstype "^3.1.3"

"@vue/server-renderer@3.5.4":
  version "3.5.4"
  resolved "https://registry.yarnpkg.com/@vue/server-renderer/-/server-renderer-3.5.4.tgz#8b9a102474922156c881c8ed1442907512d5435b"
  integrity sha512-FbjV6DJLgKRetMYFBA1UXCroCiED/Ckr53/ba9wivyd7D/Xw9fpo0T6zXzCnxQwyvkyrL7y6plgYhWhNjGxY5g==
  dependencies:
    "@vue/compiler-ssr" "3.5.4"
    "@vue/shared" "3.5.4"

"@vue/shared@3.5.4":
  version "3.5.4"
  resolved "https://registry.yarnpkg.com/@vue/shared/-/shared-3.5.4.tgz#d4768ddf13aded2774162298a3b5658cc999e1ee"
  integrity sha512-L2MCDD8l7yC62Te5UUyPVpmexhL9ipVnYRw9CsWfm/BGRL5FwDX4a25bcJ/OJSD3+Hx+k/a8LDKcG2AFdJV3BA==

acorn-walk@^8.1.1:
  version "8.3.4"
  resolved "https://registry.yarnpkg.com/acorn-walk/-/acorn-walk-8.3.4.tgz#794dd169c3977edf4ba4ea47583587c5866236b7"
  integrity sha512-ueEepnujpqee2o5aIYnvHU6C0A42MNdsIDeqy5BydrkuC5R1ZuUFnm27EeFJGoEHJQgn3uleRvmTXaJgfXbt4g==
  dependencies:
    acorn "^8.11.0"

acorn@^8.11.0, acorn@^8.4.1:
  version "8.12.1"
  resolved "https://registry.yarnpkg.com/acorn/-/acorn-8.12.1.tgz#71616bdccbe25e27a54439e0046e89ca76df2248"
  integrity sha512-tcpGyI9zbizT9JbV6oYE477V6mTlXvvi0T0G3SNIYE2apm/G5huBa1+K89VGeovbg+jycCrfhl3ADxErOuO6Jg==

arg@^4.1.0:
  version "4.1.3"
  resolved "https://registry.yarnpkg.com/arg/-/arg-4.1.3.tgz#269fc7ad5b8e42cb63c896d5666017261c144089"
  integrity sha512-58S9QDqG0Xx27YwPSt9fJxivjYl432YCwfDMfZ+71RAqUrZef7LrKQZ3LHLOwCS4FLNBplP533Zx895SeOCHvA==

axios@^0.26.1:
  version "0.26.1"
  resolved "https://registry.yarnpkg.com/axios/-/axios-0.26.1.tgz#1ede41c51fcf51bbbd6fd43669caaa4f0495aaa9"
  integrity sha512-fPwcX4EvnSHuInCMItEhAGnaSEXRBjtzh9fOtsE6E1G6p7vl7edEeZe11QHf18+6+9gR5PbKV/sGKNaD8YaMeA==
  dependencies:
    follow-redirects "^1.14.8"

create-require@^1.1.0:
  version "1.1.1"
  resolved "https://registry.yarnpkg.com/create-require/-/create-require-1.1.1.tgz#c1d7e8f1e5f6cfc9ff65f9cd352d37348756c333"
  integrity sha512-dcKFX3jn0MpIaXjisoRvexIJVEKzaq7z2rZKxf+MSr9TkdmHmsU4m2lcLojrj/FHl8mk5VxMmYA+ftRkP/3oKQ==

csstype@^3.1.3:
  version "3.1.3"
  resolved "https://registry.yarnpkg.com/csstype/-/csstype-3.1.3.tgz#d80ff294d114fb0e6ac500fbf85b60137d7eff81"
  integrity sha512-M1uQkMl8rQK/szD0LNhtqxIPLpimGm8sOBwU7lLnCpSbTyY3yeU1Vc7l4KT5zT4s/yOxHH5O7tIuuLOCnLADRw==

diff@^4.0.1:
  version "4.0.2"
  resolved "https://registry.yarnpkg.com/diff/-/diff-4.0.2.tgz#60f3aecb89d5fae520c11aa19efc2bb982aade7d"
  integrity sha512-58lmxKSA4BNyLz+HHMUzlOEpg09FV+ev6ZMe3vJihgdxzgcwZ8VoEEPmALCZG9LmqfVoNMMKpttIYTVG6uDY7A==

entities@^4.5.0:
  version "4.5.0"
  resolved "https://registry.yarnpkg.com/entities/-/entities-4.5.0.tgz#5d268ea5e7113ec74c4d033b79ea5a35a488fb48"
  integrity sha512-V0hjH4dGPh9Ao5p0MoRY6BVqtwCjhz6vI5LT8AJ55H+4g9/4vbHx1I54fS0XuclLhDHArPQCiMjDxjaL8fPxhw==

estree-walker@^2.0.2:
  version "2.0.2"
  resolved "https://registry.yarnpkg.com/estree-walker/-/estree-walker-2.0.2.tgz#52f010178c2a4c117a7757cfe942adb7d2da4cac"
  integrity sha512-Rfkk/Mp/DL7JVje3u18FxFujQlTNR2q6QfMSMB7AvCBx91NGj/ba3kCfza0f6dVDbw7YlRf/nDrn7pQrCCyQ/w==

follow-redirects@^1.14.8:
  version "1.15.9"
  resolved "https://registry.yarnpkg.com/follow-redirects/-/follow-redirects-1.15.9.tgz#a604fa10e443bf98ca94228d9eebcc2e8a2c8ee1"
  integrity sha512-gew4GsXizNgdoRyqmyfMHyAmXsZDk6mHkSxZFCzW9gwlbtOW44CDtYavM+y+72qD/Vq2l550kMF52DT8fOLJqQ==

frappe-js-sdk@1.3.7:
  version "1.3.7"
  resolved "https://registry.yarnpkg.com/frappe-js-sdk/-/frappe-js-sdk-1.3.7.tgz#4b941213c262cf0a4883b0f5646781531904a2e6"
  integrity sha512-DtB36ylQsXSa0GuFIq0CXQSRsospZZgXoU/RJ/U6ZBX3EKHrA5hPMDCBmVyTEAPNXJImc+TeZxe2ETO1u3VZ8Q==
  dependencies:
    axios "^0.26.1"

glider-js@^1.7.9:
  version "1.7.9"
  resolved "https://registry.yarnpkg.com/glider-js/-/glider-js-1.7.9.tgz#a5b6adcc6ba4919c734207a81ed9deb4db2209eb"
  integrity sha512-22r7EZ8cd4HWsM+pvNResu1h9tvJmAlrMBO2CbdJ9mhsYF/UllJEdvq8OuJDBgYcD0aja51vzRb/TbT7BCAaig==

magic-string@^0.30.11:
  version "0.30.11"
  resolved "https://registry.yarnpkg.com/magic-string/-/magic-string-0.30.11.tgz#301a6f93b3e8c2cb13ac1a7a673492c0dfd12954"
  integrity sha512-+Wri9p0QHMy+545hKww7YAu5NyzF8iomPL/RQazugQ9+Ez4Ic3mERMd8ZTX5rfK944j+560ZJi8iAwgak1Ac7A==
  dependencies:
    "@jridgewell/sourcemap-codec" "^1.5.0"

make-error@^1.1.1:
  version "1.3.6"
  resolved "https://registry.yarnpkg.com/make-error/-/make-error-1.3.6.tgz#2eb2e37ea9b67c4891f684a1394799af484cf7a2"
  integrity sha512-s8UhlNe7vPKomQhC1qFelMokr/Sc3AgNbso3n74mVPA5LTZwkB9NlXf4XPamLxJE8h0gh73rM94xvwRT2CVInw==

nanoid@^3.3.7:
  version "3.3.7"
  resolved "https://registry.yarnpkg.com/nanoid/-/nanoid-3.3.7.tgz#d0c301a691bc8d54efa0a2226ccf3fe2fd656bd8"
  integrity sha512-eSRppjcPIatRIMC1U6UngP8XFcz8MQWGQdt1MTBQ7NaAmvXDfvNxbvWV3x2y6CdEUciCSsDHDQZbhYaB8QEo2g==

onscan.js@^1.5.2:
  version "1.5.2"
  resolved "https://registry.yarnpkg.com/onscan.js/-/onscan.js-1.5.2.tgz#14ed636e5f4c3f0a78bacbf9a505dad3140ee341"
  integrity sha512-9oGYy2gXYRjvXO9GYqqVca0VuCTAmWhbmX3egBSBP13rXiMNb+dKPJzKFEeECGqPBpf0m40Zoo+GUQ7eCackdw==

picocolors@^1.0.1:
  version "1.1.0"
  resolved "https://registry.yarnpkg.com/picocolors/-/picocolors-1.1.0.tgz#5358b76a78cde483ba5cef6a9dc9671440b27d59"
  integrity sha512-TQ92mBOW0l3LeMeyLV6mzy/kWr8lkd/hp3mTg7wYK7zJhuBStmGMBG0BdeDZS/dZx1IukaX6Bk11zcln25o1Aw==

pinia@^2.1.7:
  version "2.2.2"
  resolved "https://registry.yarnpkg.com/pinia/-/pinia-2.2.2.tgz#dcf576c9a778187d1542c5e6a9f8b8cd5b6aea14"
  integrity sha512-ja2XqFWZC36mupU4z1ZzxeTApV7DOw44cV4dhQ9sGwun+N89v/XP7+j7q6TanS1u1tdbK4r+1BUx7heMaIdagA==
  dependencies:
    "@vue/devtools-api" "^6.6.3"
    vue-demi "^0.14.10"

postcss@^8.4.44:
  version "8.4.45"
  resolved "https://registry.yarnpkg.com/postcss/-/postcss-8.4.45.tgz#538d13d89a16ef71edbf75d895284ae06b79e603"
  integrity sha512-7KTLTdzdZZYscUc65XmjFiB73vBhBfbPztCYdUNvlaso9PrzjzcmjqBPR0lNGkcVlcO4BjiO5rK/qNz+XAen1Q==
  dependencies:
    nanoid "^3.3.7"
    picocolors "^1.0.1"
    source-map-js "^1.2.0"

preact@~10.12.1:
  version "10.12.1"
  resolved "https://registry.yarnpkg.com/preact/-/preact-10.12.1.tgz#8f9cb5442f560e532729b7d23d42fd1161354a21"
  integrity sha512-l8386ixSsBdbreOAkqtrwqHwdvR35ID8c3rKPa8lCWuO86dBi32QWHV4vfsZK1utLLFMvw+Z5Ad4XLkZzchscg==

source-map-js@^1.2.0:
  version "1.2.1"
  resolved "https://registry.yarnpkg.com/source-map-js/-/source-map-js-1.2.1.tgz#1ce5650fddd87abc099eda37dcff024c2667ae46"
  integrity sha512-UXWMKhLOwVKb728IUtQPXxfYU+usdybtUrK/8uGE8CQMvrhOpwvzDBwj0QhSL7MQc7vIsISBG8VQ8+IDQxpfQA==

to-fast-properties@^2.0.0:
  version "2.0.0"
  resolved "https://registry.yarnpkg.com/to-fast-properties/-/to-fast-properties-2.0.0.tgz#dc5e698cbd079265bc73e0377681a4e4e83f616e"
  integrity sha512-/OaKK0xYrs3DmxRYqL/yDc+FxFUVYhDlXMhRmv3z915w2HF1tnN1omB354j8VUGO/hbRzyD6Y3sA7v7GS/ceog==

ts-node@^10.9.2:
  version "10.9.2"
  resolved "https://registry.yarnpkg.com/ts-node/-/ts-node-10.9.2.tgz#70f021c9e185bccdca820e26dc413805c101c71f"
  integrity sha512-f0FFpIdcHgn8zcPSbf1dRevwt047YMnaiJM3u2w2RewrB+fob/zePZcrOyQoLMMO7aBIddLcQIEK5dYjkLnGrQ==
  dependencies:
    "@cspotcode/source-map-support" "^0.8.0"
    "@tsconfig/node10" "^1.0.7"
    "@tsconfig/node12" "^1.0.7"
    "@tsconfig/node14" "^1.0.0"
    "@tsconfig/node16" "^1.0.2"
    acorn "^8.4.1"
    acorn-walk "^8.1.1"
    arg "^4.1.0"
    create-require "^1.1.0"
    diff "^4.0.1"
    make-error "^1.1.1"
    v8-compile-cache-lib "^3.0.1"
    yn "3.1.1"

v8-compile-cache-lib@^3.0.1:
  version "3.0.1"
  resolved "https://registry.yarnpkg.com/v8-compile-cache-lib/-/v8-compile-cache-lib-3.0.1.tgz#6336e8d71965cb3d35a1bbb7868445a7c05264bf"
  integrity sha512-wa7YjyUGfNZngI/vtK0UHAN+lgDCxBPCylVXGp0zu59Fz5aiGtNXaq3DhIov063MorB+VfufLh3JlF2KdTK3xg==

vue-demi@^0.14.10:
  version "0.14.10"
  resolved "https://registry.yarnpkg.com/vue-demi/-/vue-demi-0.14.10.tgz#afc78de3d6f9e11bf78c55e8510ee12814522f04"
  integrity sha512-nMZBOwuzabUO0nLgIcc6rycZEebF6eeUfaiQx9+WSk8e29IbLvPU9feI6tqW4kTo3hvoYAJkMh8n8D0fuISphg==

vue@^3.3.4, vue@^3.4.21:
  version "3.5.4"
  resolved "https://registry.yarnpkg.com/vue/-/vue-3.5.4.tgz#0e5935e8b1e5505d484aee732b72c6e77c7567fd"
  integrity sha512-3yAj2gkmiY+i7+22A1PWM+kjOVXjU74UPINcTiN7grIVPyFFI0lpGwHlV/4xydDmobaBn7/xmi+YG8HeSlCTcg==
  dependencies:
    "@vue/compiler-dom" "3.5.4"
    "@vue/compiler-sfc" "3.5.4"
    "@vue/runtime-dom" "3.5.4"
    "@vue/server-renderer" "3.5.4"
    "@vue/shared" "3.5.4"

yn@3.1.1:
  version "3.1.1"
  resolved "https://registry.yarnpkg.com/yn/-/yn-3.1.1.tgz#1e87401a09d767c1d5eab26a6e4c185182d2eb50"
  integrity sha512-Ux4ygGWsu2c7isFWe8Yu1YluJmqVhxqK2cLXNQA5AcC3QfbGNpM7fu0Y8b/z16pXLnFxZYvWhd3fhBY9DLmC6Q==
